<?xml version="1.0" encoding="UTF-8" standalone="yes" ?>
<CodeBlocks_project_file>
	<FileVersion major="1" minor="6" />
	<Project>
		<Option title="CS163_Visualizer" />
		<Option pch_mode="2" />
		<Option compiler="gcc" />
		<Build>
			<Target title="Debug">
				<Option output="bin/Debug/CS163_Visualizer" prefix_auto="1" extension_auto="1" />
				<Option object_output="obj/Debug/" />
				<Option type="1" />
				<Option compiler="gcc" />
				<Compiler>
					<Add option="-g" />
				</Compiler>
				<Linker>
					<Add library="sfml-graphics-d" />
					<Add library="sfml-window-d" />
					<Add library="sfml-system-d" />
					<Add library="sfml-audio-d" />
				</Linker>
			</Target>
			<Target title="Release">
				<Option output="bin/Release/CS163_Visualizer" prefix_auto="1" extension_auto="1" />
				<Option object_output="obj/Release/" />
				<Option type="1" />
				<Option compiler="gcc" />
				<Compiler>
					<Add option="-O2" />
				</Compiler>
				<Linker>
					<Add option="-s" />
					<Add library="sfml-graphics" />
					<Add library="sfml-window" />
					<Add library="sfml-system" />
					<Add library="sfml-audio" />
				</Linker>
			</Target>
		</Build>
		<Compiler>
			<Add option="-Wall" />
			<Add option="-fexceptions" />
			<Add directory="C:/Users/LENOVO/Documents/libraries/SFML-2.6.1/include" />
			<Add directory="include/Core" />
			<Add directory="include/States" />
			<Add directory="include/Utils/Graphics" />
			<Add directory="include/Utils/Math" />
			<Add directory="include/Utils/System" />
			<Add directory="include/GUI" />
			<Add directory="include" />
			<Add directory="include/DataStructures" />
			<Add directory="include/Utils/Animation" />
		</Compiler>
		<Linker>
			<Add option="-lole32 -luuid" />
			<Add library="opengl32" />
			<Add directory="C:/Users/LENOVO/Documents/libraries/SFML-2.6.1/lib" />
		</Linker>
		<Unit filename="CS163_visualizer.cpp" />
		<Unit filename="include/Application.h" />
		<Unit filename="include/Core/AnimationMetadata.h" />
		<Unit filename="include/Core/HistoryEntry.h" />
		<Unit filename="include/Core/HistoryManager.h" />
		<Unit filename="include/Core/ISnapshot.h" />
		<Unit filename="include/Core/Interpolator.h" />
		<Unit filename="include/Core/Snapshot.h" />
		<Unit filename="include/Core/TimelineManager.h" />
		<Unit filename="include/DataStructures/AVLTree.h" />
		<Unit filename="include/DataStructures/Command.h" />
		<Unit filename="include/DataStructures/DataStructure.h" />
		<Unit filename="include/DataStructures/Heap.h" />
		<Unit filename="include/DataStructures/MST.h" />
		<Unit filename="include/DataStructures/PseudoCodeRegistry.h" />
		<Unit filename="include/DataStructures/ShortestPath.h" />
		<Unit filename="include/DataStructures/SinglyLinkedList.h" />
		<Unit filename="include/DataStructures/Trie.h" />
		<Unit filename="include/GUI/Button.h" />
		<Unit filename="include/GUI/DockItem.h" />
		<Unit filename="include/GUI/DynamicIsland.h" />
		<Unit filename="include/GUI/EdgeUI.h" />
		<Unit filename="include/GUI/FileTrayContent.h" />
		<Unit filename="include/GUI/FloatingDock.h" />
		<Unit filename="include/GUI/HistoryBoard.h" />
		<Unit filename="include/GUI/InputContent.h" />
		<Unit filename="include/GUI/InputField.h" />
		<Unit filename="include/GUI/InputPopover.h" />
		<Unit filename="include/GUI/MenuCard.h" />
		<Unit filename="include/GUI/NodeUI.h" />
		<Unit filename="include/GUI/Notch.h" />
		<Unit filename="include/GUI/NotchContent.h" />
		<Unit filename="include/GUI/NotchEnums.h" />
		<Unit filename="include/GUI/NotchManager.h" />
		<Unit filename="include/GUI/ProgressBar.h" />
		<Unit filename="include/GUI/PseudoCodeBox.h" />
		<Unit filename="include/GUI/RoundedRectangleShape.h" />
		<Unit filename="include/GUI/Scrollbar.h" />
		<Unit filename="include/GUI/Separator.h" />
		<Unit filename="include/GUI/Slider.h" />
		<Unit filename="include/GUI/SpeedController.h" />
		<Unit filename="include/GUI/Squircle.h" />
		<Unit filename="include/GUI/StructurePanel.h" />
		<Unit filename="include/GUI/TitleBar.h" />
		<Unit filename="include/GUI/Waveform.h" />
		<Unit filename="include/ResourceManager.h" />
		<Unit filename="include/State.h" />
		<Unit filename="include/States/CategoriesState.h" />
		<Unit filename="include/States/IntroState.h" />
		<Unit filename="include/States/MenuState.h" />
		<Unit filename="include/States/VisualizerState.h" />
		<Unit filename="include/Utils/Animation/AnimationUtils.h" />
		<Unit filename="include/Utils/Graphics/Align.h" />
		<Unit filename="include/Utils/Graphics/AnimationManager.h" />
		<Unit filename="include/Utils/Graphics/Layout.h" />
		<Unit filename="include/Utils/Graphics/Theme.h" />
		<Unit filename="include/Utils/Graphics/TreeLayoutUtils.h" />
		<Unit filename="include/Utils/Graphics/ViewHandler.h" />
		<Unit filename="include/Utils/Graphics/WindowControl.h" />
		<Unit filename="include/Utils/Graphics/wrapText.h" />
		<Unit filename="include/Utils/Math/Easing.h" />
		<Unit filename="include/Utils/Math/Interpolation.h" />
		<Unit filename="include/Utils/Math/Smoothing.h" />
		<Unit filename="include/Utils/Math/Spring.h" />
		<Unit filename="include/Utils/System/FileDropManager.h" />
		<Unit filename="include/Utils/System/FileUtils.h" />
		<Unit filename="include/Utils/System/WindowConfig.h" />
		<Unit filename="src/Application.cpp" />
		<Unit filename="src/DataStructures/AVLTree.cpp" />
		<Unit filename="src/DataStructures/Heap.cpp" />
		<Unit filename="src/DataStructures/MST.cpp" />
		<Unit filename="src/DataStructures/ShortestPath.cpp" />
		<Unit filename="src/DataStructures/SinglyLinkedList.cpp" />
		<Unit filename="src/DataStructures/Trie.cpp" />
		<Unit filename="src/GUI/Button.cpp" />
		<Unit filename="src/GUI/DynamicIsland.cpp" />
		<Unit filename="src/GUI/EdgeUI.cpp" />
		<Unit filename="src/GUI/FileTrayContent.cpp" />
		<Unit filename="src/GUI/FloatingDock.cpp" />
		<Unit filename="src/GUI/HistoryBoard.cpp" />
		<Unit filename="src/GUI/InputContent.cpp" />
		<Unit filename="src/GUI/InputField.cpp" />
		<Unit filename="src/GUI/InputPopover.cpp" />
		<Unit filename="src/GUI/MenuCard.cpp" />
		<Unit filename="src/GUI/NodeUI.cpp" />
		<Unit filename="src/GUI/Notch.cpp" />
		<Unit filename="src/GUI/NotchContent.cpp" />
		<Unit filename="src/GUI/NotchManager.cpp" />
		<Unit filename="src/GUI/ProgressBar.cpp" />
		<Unit filename="src/GUI/PseudoCodeBox.cpp" />
		<Unit filename="src/GUI/Scrollbar.cpp" />
		<Unit filename="src/GUI/Separator.cpp" />
		<Unit filename="src/GUI/Slider.cpp" />
		<Unit filename="src/GUI/SpeedController.cpp" />
		<Unit filename="src/GUI/Squircle.cpp" />
		<Unit filename="src/GUI/StructurePanel.cpp" />
		<Unit filename="src/GUI/TitleBar.cpp" />
		<Unit filename="src/GUI/Waveform.cpp" />
		<Unit filename="src/ResourceManager.cpp" />
		<Unit filename="src/States/CategoriesState.cpp" />
		<Unit filename="src/States/IntroState.cpp" />
		<Unit filename="src/States/MenuState.cpp" />
		<Unit filename="src/States/VisualizerState.cpp" />
		<Unit filename="src/Utils/Graphics/AnimationManager.cpp" />
		<Unit filename="src/Utils/Graphics/Layout.cpp" />
		<Unit filename="src/Utils/Graphics/WindowControl.cpp" />
		<Unit filename="src/Utils/System/FileDropManager.cpp" />
		<Unit filename="src/Utils/System/WindowConfig.cpp" />
		<Extensions>
			<lib_finder disable_auto="1" />
		</Extensions>
	</Project>
</CodeBlocks_project_file>
